// !$*UTF8*$!
{
	archiveVersion = 1;
	classes = {
	};
	objectVersion = 46;
	objects = {

/* Begin PBXBuildFile section */
		5DEC58491800F88D006E7E18 /* Foundation.framework in Frameworks */ = {isa = PBXBuildFile; fileRef = 5DEC58481800F88D006E7E18 /* Foundation.framework */; };
		5DEC584B1800F88D006E7E18 /* CoreGraphics.framework in Frameworks */ = {isa = PBXBuildFile; fileRef = 5DEC584A1800F88D006E7E18 /* CoreGraphics.framework */; };
		5DEC584D1800F88D006E7E18 /* UIKit.framework in Frameworks */ = {isa = PBXBuildFile; fileRef = 5DEC584C1800F88D006E7E18 /* UIKit.framework */; };
		5DEC58531800F88E006E7E18 /* InfoPlist.strings in Resources */ = {isa = PBXBuildFile; fileRef = 5DEC58511800F88E006E7E18 /* InfoPlist.strings */; };
		5DEC58551800F88E006E7E18 /* main.m in Sources */ = {isa = PBXBuildFile; fileRef = 5DEC58541800F88E006E7E18 /* main.m */; };
		5DEC58591800F88F006E7E18 /* BBAppDelegate.m in Sources */ = {isa = PBXBuildFile; fileRef = 5DEC58581800F88F006E7E18 /* BBAppDelegate.m */; };
		5DEC585C1800F88F006E7E18 /* Main.storyboard in Resources */ = {isa = PBXBuildFile; fileRef = 5DEC585A1800F88F006E7E18 /* Main.storyboard */; };
		5DEC585F1800F88F006E7E18 /* BBViewController.m in Sources */ = {isa = PBXBuildFile; fileRef = 5DEC585E1800F88F006E7E18 /* BBViewController.m */; };
		5DEC58611800F88F006E7E18 /* Images.xcassets in Resources */ = {isa = PBXBuildFile; fileRef = 5DEC58601800F88F006E7E18 /* Images.xcassets */; };
		5DEC58681800F88F006E7E18 /* XCTest.framework in Frameworks */ = {isa = PBXBuildFile; fileRef = 5DEC58671800F88F006E7E18 /* XCTest.framework */; };
		5DEC58691800F88F006E7E18 /* Foundation.framework in Frameworks */ = {isa = PBXBuildFile; fileRef = 5DEC58481800F88D006E7E18 /* Foundation.framework */; };
		5DEC586A1800F88F006E7E18 /* UIKit.framework in Frameworks */ = {isa = PBXBuildFile; fileRef = 5DEC584C1800F88D006E7E18 /* UIKit.framework */; };
		5DEC58721800F88F006E7E18 /* InfoPlist.strings in Resources */ = {isa = PBXBuildFile; fileRef = 5DEC58701800F88F006E7E18 /* InfoPlist.strings */; };
		5DEC58741800F88F006E7E18 /* BBBallBounceTests.m in Sources */ = {isa = PBXBuildFile; fileRef = 5DEC58731800F88F006E7E18 /* BBBallBounceTests.m */; };
		5DEC587E1800F8B0006E7E18 /* SpriteKit.framework in Frameworks */ = {isa = PBXBuildFile; fileRef = 5DEC587D1800F8B0006E7E18 /* SpriteKit.framework */; };
		5DEC58821800F950006E7E18 /* BBTopScene.m in Sources */ = {isa = PBXBuildFile; fileRef = 5DEC58811800F950006E7E18 /* BBTopScene.m */; };
		5DEC5885180117E9006E7E18 /* BBGameScene.m in Sources */ = {isa = PBXBuildFile; fileRef = 5DEC5884180117E9006E7E18 /* BBGameScene.m */; };
		5DEC588718019614006E7E18 /* ball@2x.png in Resources */ = {isa = PBXBuildFile; fileRef = 5DEC588618019614006E7E18 /* ball@2x.png */; };
/* End PBXBuildFile section */

/* Begin PBXContainerItemProxy section */
		5DEC586B1800F88F006E7E18 /* PBXContainerItemProxy */ = {
			isa = PBXContainerItemProxy;
			containerPortal = 5DEC583D1800F88D006E7E18 /* Project object */;
			proxyType = 1;
			remoteGlobalIDString = 5DEC58441800F88D006E7E18;
			remoteInfo = BBBallBounce;
		};
/* End PBXContainerItemProxy section */

/* Begin PBXFileReference section */
		5DEC58451800F88D006E7E18 /* BBBallBounce.app */ = {isa = PBXFileReference; explicitFileType = wrapper.application; includeInIndex = 0; path = BBBallBounce.app; sourceTree = BUILT_PRODUCTS_DIR; };
		5DEC58481800F88D006E7E18 /* Foundation.framework */ = {isa = PBXFileReference; lastKnownFileType = wrapper.framework; name = Foundation.framework; path = System/Library/Frameworks/Foundation.framework; sourceTree = SDKROOT; };
		5DEC584A1800F88D006E7E18 /* CoreGraphics.framework */ = {isa = PBXFileReference; lastKnownFileType = wrapper.framework; name = CoreGraphics.framework; path = System/Library/Frameworks/CoreGraphics.framework; sourceTree = SDKROOT; };
		5DEC584C1800F88D006E7E18 /* UIKit.framework */ = {isa = PBXFileReference; lastKnownFileType = wrapper.framework; name = UIKit.framework; path = System/Library/Frameworks/UIKit.framework; sourceTree = SDKROOT; };
		5DEC58501800F88D006E7E18 /* BBBallBounce-Info.plist */ = {isa = PBXFileReference; lastKnownFileType = text.plist.xml; path = "BBBallBounce-Info.plist"; sourceTree = "<group>"; };
		5DEC58521800F88E006E7E18 /* en */ = {isa = PBXFileReference; lastKnownFileType = text.plist.strings; name = en; path = en.lproj/InfoPlist.strings; sourceTree = "<group>"; };
		5DEC58541800F88E006E7E18 /* main.m */ = {isa = PBXFileReference; lastKnownFileType = sourcecode.c.objc; path = main.m; sourceTree = "<group>"; };
		5DEC58561800F88E006E7E18 /* BBBallBounce-Prefix.pch */ = {isa = PBXFileReference; lastKnownFileType = sourcecode.c.h; path = "BBBallBounce-Prefix.pch"; sourceTree = "<group>"; };
		5DEC58571800F88E006E7E18 /* BBAppDelegate.h */ = {isa = PBXFileReference; lastKnownFileType = sourcecode.c.h; path = BBAppDelegate.h; sourceTree = "<group>"; };
		5DEC58581800F88F006E7E18 /* BBAppDelegate.m */ = {isa = PBXFileReference; lastKnownFileType = sourcecode.c.objc; path = BBAppDelegate.m; sourceTree = "<group>"; };
		5DEC585B1800F88F006E7E18 /* Base */ = {isa = PBXFileReference; lastKnownFileType = file.storyboard; name = Base; path = Base.lproj/Main.storyboard; sourceTree = "<group>"; };
		5DEC585D1800F88F006E7E18 /* BBViewController.h */ = {isa = PBXFileReference; lastKnownFileType = sourcecode.c.h; path = BBViewController.h; sourceTree = "<group>"; };
		5DEC585E1800F88F006E7E18 /* BBViewController.m */ = {isa = PBXFileReference; lastKnownFileType = sourcecode.c.objc; path = BBViewController.m; sourceTree = "<group>"; };
		5DEC58601800F88F006E7E18 /* Images.xcassets */ = {isa = PBXFileReference; lastKnownFileType = folder.assetcatalog; path = Images.xcassets; sourceTree = "<group>"; };
		5DEC58661800F88F006E7E18 /* BBBallBounceTests.xctest */ = {isa = PBXFileReference; explicitFileType = wrapper.cfbundle; includeInIndex = 0; path = BBBallBounceTests.xctest; sourceTree = BUILT_PRODUCTS_DIR; };
		5DEC58671800F88F006E7E18 /* XCTest.framework */ = {isa = PBXFileReference; lastKnownFileType = wrapper.framework; name = XCTest.framework; path = Library/Frameworks/XCTest.framework; sourceTree = DEVELOPER_DIR; };
		5DEC586F1800F88F006E7E18 /* BBBallBounceTests-Info.plist */ = {isa = PBXFileReference; lastKnownFileType = text.plist.xml; path = "BBBallBounceTests-Info.plist"; sourceTree = "<group>"; };
		5DEC58711800F88F006E7E18 /* en */ = {isa = PBXFileReference; lastKnownFileType = text.plist.strings; name = en; path = en.lproj/InfoPlist.strings; sourceTree = "<group>"; };
		5DEC58731800F88F006E7E18 /* BBBallBounceTests.m */ = {isa = PBXFileReference; lastKnownFileType = sourcecode.c.objc; path = BBBallBounceTests.m; sourceTree = "<group>"; };
		5DEC587D1800F8B0006E7E18 /* SpriteKit.framework */ = {isa = PBXFileReference; lastKnownFileType = wrapper.framework; name = SpriteKit.framework; path = System/Library/Frameworks/SpriteKit.framework; sourceTree = SDKROOT; };
		5DEC58801800F950006E7E18 /* BBTopScene.h */ = {isa = PBXFileReference; fileEncoding = 4; lastKnownFileType = sourcecode.c.h; path = BBTopScene.h; sourceTree = "<group>"; };
		5DEC58811800F950006E7E18 /* BBTopScene.m */ = {isa = PBXFileReference; fileEncoding = 4; lastKnownFileType = sourcecode.c.objc; path = BBTopScene.m; sourceTree = "<group>"; };
		5DEC5883180117E9006E7E18 /* BBGameScene.h */ = {isa = PBXFileReference; fileEncoding = 4; lastKnownFileType = sourcecode.c.h; path = BBGameScene.h; sourceTree = "<group>"; };
		5DEC5884180117E9006E7E18 /* BBGameScene.m */ = {isa = PBXFileReference; fileEncoding = 4; lastKnownFileType = sourcecode.c.objc; path = BBGameScene.m; sourceTree = "<group>"; };
		5DEC588618019614006E7E18 /* ball@2x.png */ = {isa = PBXFileReference; lastKnownFileType = image.png; path = "ball@2x.png"; sourceTree = "<group>"; };
/* End PBXFileReference section */

/* Begin PBXFrameworksBuildPhase section */
		5DEC58421800F88D006E7E18 /* Frameworks */ = {
			isa = PBXFrameworksBuildPhase;
			buildActionMask = 2147483647;
			files = (
				5DEC587E1800F8B0006E7E18 /* SpriteKit.framework in Frameworks */,
				5DEC584B1800F88D006E7E18 /* CoreGraphics.framework in Frameworks */,
				5DEC584D1800F88D006E7E18 /* UIKit.framework in Frameworks */,
				5DEC58491800F88D006E7E18 /* Foundation.framework in Frameworks */,
			);
			runOnlyForDeploymentPostprocessing = 0;
		};
		5DEC58631800F88F006E7E18 /* Frameworks */ = {
			isa = PBXFrameworksBuildPhase;
			buildActionMask = 2147483647;
			files = (
				5DEC58681800F88F006E7E18 /* XCTest.framework in Frameworks */,
				5DEC586A1800F88F006E7E18 /* UIKit.framework in Frameworks */,
				5DEC58691800F88F006E7E18 /* Foundation.framework in Frameworks */,
			);
			runOnlyForDeploymentPostprocessing = 0;
		};
/* End PBXFrameworksBuildPhase section */

/* Begin PBXGroup section */
		5DEC583C1800F88D006E7E18 = {
			isa = PBXGroup;
			children = (
				5DEC584E1800F88D006E7E18 /* BBBallBounce */,
				5DEC586D1800F88F006E7E18 /* BBBallBounceTests */,
				5DEC58471800F88D006E7E18 /* Frameworks */,
				5DEC58461800F88D006E7E18 /* Products */,
			);
			sourceTree = "<group>";
		};
		5DEC58461800F88D006E7E18 /* Products */ = {
			isa = PBXGroup;
			children = (
				5DEC58451800F88D006E7E18 /* BBBallBounce.app */,
				5DEC58661800F88F006E7E18 /* BBBallBounceTests.xctest */,
			);
			name = Products;
			sourceTree = "<group>";
		};
		5DEC58471800F88D006E7E18 /* Frameworks */ = {
			isa = PBXGroup;
			children = (
				5DEC587D1800F8B0006E7E18 /* SpriteKit.framework */,
				5DEC58481800F88D006E7E18 /* Foundation.framework */,
				5DEC584A1800F88D006E7E18 /* CoreGraphics.framework */,
				5DEC584C1800F88D006E7E18 /* UIKit.framework */,
				5DEC58671800F88F006E7E18 /* XCTest.framework */,
			);
			name = Frameworks;
			sourceTree = "<group>";
		};
		5DEC584E1800F88D006E7E18 /* BBBallBounce */ = {
			isa = PBXGroup;
			children = (
				5DEC587F1800F93B006E7E18 /* Scene */,
				5DEC58571800F88E006E7E18 /* BBAppDelegate.h */,
				5DEC58581800F88F006E7E18 /* BBAppDelegate.m */,
				5DEC585A1800F88F006E7E18 /* Main.storyboard */,
				5DEC585D1800F88F006E7E18 /* BBViewController.h */,
				5DEC585E1800F88F006E7E18 /* BBViewController.m */,
				5DEC58601800F88F006E7E18 /* Images.xcassets */,
				5DEC584F1800F88D006E7E18 /* Supporting Files */,
			);
			path = BBBallBounce;
			sourceTree = "<group>";
		};
		5DEC584F1800F88D006E7E18 /* Supporting Files */ = {
			isa = PBXGroup;
			children = (
				5DEC58501800F88D006E7E18 /* BBBallBounce-Info.plist */,
				5DEC58511800F88E006E7E18 /* InfoPlist.strings */,
				5DEC58541800F88E006E7E18 /* main.m */,
				5DEC58561800F88E006E7E18 /* BBBallBounce-Prefix.pch */,
			);
			name = "Supporting Files";
			sourceTree = "<group>";
		};
		5DEC586D1800F88F006E7E18 /* BBBallBounceTests */ = {
			isa = PBXGroup;
			children = (
				5DEC58731800F88F006E7E18 /* BBBallBounceTests.m */,
				5DEC586E1800F88F006E7E18 /* Supporting Files */,
			);
			path = BBBallBounceTests;
			sourceTree = "<group>";
		};
		5DEC586E1800F88F006E7E18 /* Supporting Files */ = {
			isa = PBXGroup;
			children = (
				5DEC586F1800F88F006E7E18 /* BBBallBounceTests-Info.plist */,
				5DEC58701800F88F006E7E18 /* InfoPlist.strings */,
			);
			name = "Supporting Files";
			sourceTree = "<group>";
		};
		5DEC587F1800F93B006E7E18 /* Scene */ = {
			isa = PBXGroup;
			children = (
				5DEC58801800F950006E7E18 /* BBTopScene.h */,
				5DEC58811800F950006E7E18 /* BBTopScene.m */,
				5DEC5883180117E9006E7E18 /* BBGameScene.h */,
				5DEC5884180117E9006E7E18 /* BBGameScene.m */,
				5DEC588618019614006E7E18 /* ball@2x.png */,
			);
			name = Scene;
			sourceTree = "<group>";
		};
/* End PBXGroup section */

/* Begin PBXNativeTarget section */
		5DEC58441800F88D006E7E18 /* BBBallBounce */ = {
			isa = PBXNativeTarget;
			buildConfigurationList = 5DEC58771800F88F006E7E18 /* Build configuration list for PBXNativeTarget "BBBallBounce" */;
			buildPhases = (
				5DEC58411800F88D006E7E18 /* Sources */,
				5DEC58421800F88D006E7E18 /* Frameworks */,
				5DEC58431800F88D006E7E18 /* Resources */,
			);
			buildRules = (
			);
			dependencies = (
			);
			name = BBBallBounce;
			productName = BBBallBounce;
			productReference = 5DEC58451800F88D006E7E18 /* BBBallBounce.app */;
			productType = "com.apple.product-type.application";
		};
		5DEC58651800F88F006E7E18 /* BBBallBounceTests */ = {
			isa = PBXNativeTarget;
			buildConfigurationList = 5DEC587A1800F88F006E7E18 /* Build configuration list for PBXNativeTarget "BBBallBounceTests" */;
			buildPhases = (
				5DEC58621800F88F006E7E18 /* Sources */,
				5DEC58631800F88F006E7E18 /* Frameworks */,
				5DEC58641800F88F006E7E18 /* Resources */,
			);
			buildRules = (
			);
			dependencies = (
				5DEC586C1800F88F006E7E18 /* PBXTargetDependency */,
			);
			name = BBBallBounceTests;
			productName = BBBallBounceTests;
			productReference = 5DEC58661800F88F006E7E18 /* BBBallBounceTests.xctest */;
			productType = "com.apple.product-type.bundle.unit-test";
		};
/* End PBXNativeTarget section */

/* Begin PBXProject section */
		5DEC583D1800F88D006E7E18 /* Project object */ = {
			isa = PBXProject;
			attributes = {
				CLASSPREFIX = BB;
				LastUpgradeCheck = 0500;
				ORGANIZATIONNAME = "Tsukasa K";
				TargetAttributes = {
					5DEC58651800F88F006E7E18 = {
						TestTargetID = 5DEC58441800F88D006E7E18;
					};
				};
			};
			buildConfigurationList = 5DEC58401800F88D006E7E18 /* Build configuration list for PBXProject "BBBallBounce" */;
			compatibilityVersion = "Xcode 3.2";
			developmentRegion = English;
			hasScannedForEncodings = 0;
			knownRegions = (
				en,
				Base,
			);
			mainGroup = 5DEC583C1800F88D006E7E18;
			productRefGroup = 5DEC58461800F88D006E7E18 /* Products */;
			projectDirPath = "";
			projectRoot = "";
			targets = (
				5DEC58441800F88D006E7E18 /* BBBallBounce */,
				5DEC58651800F88F006E7E18 /* BBBallBounceTests */,
			);
		};
/* End PBXProject section */

/* Begin PBXResourcesBuildPhase section */
		5DEC58431800F88D006E7E18 /* Resources */ = {
			isa = PBXResourcesBuildPhase;
			buildActionMask = 2147483647;
			files = (
				5DEC58611800F88F006E7E18 /* Images.xcassets in Resources */,
				5DEC58531800F88E006E7E18 /* InfoPlist.strings in Resources */,
				5DEC585C1800F88F006E7E18 /* Main.storyboard in Resources */,
				5DEC588718019614006E7E18 /* ball@2x.png in Resources */,
			);
			runOnlyForDeploymentPostprocessing = 0;
		};
		5DEC58641800F88F006E7E18 /* Resources */ = {
			isa = PBXResourcesBuildPhase;
			buildActionMask = 2147483647;
			files = (
				5DEC58721800F88F006E7E18 /* InfoPlist.strings in Resources */,
			);
			runOnlyForDeploymentPostprocessing = 0;
		};
/* End PBXResourcesBuildPhase section */

/* Begin PBXSourcesBuildPhase section */
		5DEC58411800F88D006E7E18 /* Sources */ = {
			isa = PBXSourcesBuildPhase;
			buildActionMask = 2147483647;
			files = (
				5DEC58821800F950006E7E18 /* BBTopScene.m in Sources */,
				5DEC585F1800F88F006E7E18 /* BBViewController.m in Sources */,
				5DEC58591800F88F006E7E18 /* BBAppDelegate.m in Sources */,
				5DEC58551800F88E006E7E18 /* main.m in Sources */,
				5DEC5885180117E9006E7E18 /* BBGameScene.m in Sources */,
			);
			runOnlyForDeploymentPostprocessing = 0;
		};
		5DEC58621800F88F006E7E18 /* Sources */ = {
			isa = PBXSourcesBuildPhase;
			buildActionMask = 2147483647;
			files = (
				5DEC58741800F88F006E7E18 /* BBBallBounceTests.m in Sources */,
			);
			runOnlyForDeploymentPostprocessing = 0;
		};
/* End PBXSourcesBuildPhase section */

/* Begin PBXTargetDependency section */
		5DEC586C1800F88F006E7E18 /* PBXTargetDependency */ = {
			isa = PBXTargetDependency;
			target = 5DEC58441800F88D006E7E18 /* BBBallBounce */;
			targetProxy = 5DEC586B1800F88F006E7E18 /* PBXContainerItemProxy */;
		};
/* End PBXTargetDependency section */

/* Begin PBXVariantGroup section */
		5DEC58511800F88E006E7E18 /* InfoPlist.strings */ = {
			isa = PBXVariantGroup;
			children = (
				5DEC58521800F88E006E7E18 /* en */,
			);
			name = InfoPlist.strings;
			sourceTree = "<group>";
		};
		5DEC585A1800F88F006E7E18 /* Main.storyboard */ = {
			isa = PBXVariantGroup;
			children = (
				5DEC585B1800F88F006E7E18 /* Base */,
			);
			name = Main.storyboard;
			sourceTree = "<group>";
		};
		5DEC58701800F88F006E7E18 /* InfoPlist.strings */ = {
			isa = PBXVariantGroup;
			children = (
				5DEC58711800F88F006E7E18 /* en */,
			);
			name = InfoPlist.strings;
			sourceTree = "<group>";
		};
/* End PBXVariantGroup section */

/* Begin XCBuildConfiguration section */
		5DEC58751800F88F006E7E18 /* Debug */ = {
			isa = XCBuildConfiguration;
			buildSettings = {
				ALWAYS_SEARCH_USER_PATHS = NO;
				ARCHS = "$(ARCHS_STANDARD_INCLUDING_64_BIT)";
				CLANG_CXX_LANGUAGE_STANDARD = "gnu++0x";
				CLANG_CXX_LIBRARY = "libc++";
				CLANG_ENABLE_MODULES = YES;
				CLANG_ENABLE_OBJC_ARC = YES;
				CLANG_WARN_BOOL_CONVERSION = YES;
				CLANG_WARN_CONSTANT_CONVERSION = YES;
				CLANG_WARN_DIRECT_OBJC_ISA_USAGE = YES_ERROR;
				CLANG_WARN_EMPTY_BODY = YES;
				CLANG_WARN_ENUM_CONVERSION = YES;
				CLANG_WARN_INT_CONVERSION = YES;
				CLANG_WARN_OBJC_ROOT_CLASS = YES_ERROR;
				CLANG_WARN__DUPLICATE_METHOD_MATCH = YES;
				"CODE_SIGN_IDENTITY[sdk=iphoneos*]" = "iPhone Developer";
				COPY_PHASE_STRIP = NO;
				GCC_C_LANGUAGE_STANDARD = gnu99;
				GCC_DYNAMIC_NO_PIC = NO;
				GCC_OPTIMIZATION_LEVEL = 0;
				GCC_PREPROCESSOR_DEFINITIONS = (
					"DEBUG=1",
					"$(inherited)",
				);
				GCC_SYMBOLS_PRIVATE_EXTERN = NO;
				GCC_WARN_64_TO_32_BIT_CONVERSION = YES;
				GCC_WARN_ABOUT_RETURN_TYPE = YES_ERROR;
				GCC_WARN_UNDECLARED_SELECTOR = YES;
				GCC_WARN_UNINITIALIZED_AUTOS = YES;
				GCC_WARN_UNUSED_FUNCTION = YES;
				GCC_WARN_UNUSED_VARIABLE = YES;
				IPHONEOS_DEPLOYMENT_TARGET = 7.0;
				ONLY_ACTIVE_ARCH = YES;
				SDKROOT = iphoneos;
			};
			name = Debug;
		};
		5DEC58761800F88F006E7E18 /* Release */ = {
			isa = XCBuildConfiguration;
			buildSettings = {
				ALWAYS_SEARCH_USER_PATHS = NO;
				ARCHS = "$(ARCHS_STANDARD_INCLUDING_64_BIT)";
				CLANG_CXX_LANGUAGE_STANDARD = "gnu++0x";
				CLANG_CXX_LIBRARY = "libc++";
				CLANG_ENABLE_MODULES = YES;
				CLANG_ENABLE_OBJC_ARC = YES;
				CLANG_WARN_BOOL_CONVERSION = YES;
				CLANG_WARN_CONSTANT_CONVERSION = YES;
				CLANG_WARN_DIRECT_OBJC_ISA_USAGE = YES_ERROR;
				CLANG_WARN_EMPTY_BODY = YES;
				CLANG_WARN_ENUM_CONVERSION = YES;
				CLANG_WARN_INT_CONVERSION = YES;
				CLANG_WARN_OBJC_ROOT_CLASS = YES_ERROR;
				CLANG_WARN__DUPLICATE_METHOD_MATCH = YES;
				"CODE_SIGN_IDENTITY[sdk=iphoneos*]" = "iPhone Developer";
				COPY_PHASE_STRIP = YES;
				ENABLE_NS_ASSERTIONS = NO;
				GCC_C_LANGUAGE_STANDARD = gnu99;
				GCC_WARN_64_TO_32_BIT_CONVERSION = YES;
				GCC_WARN_ABOUT_RETURN_TYPE = YES_ERROR;
				GCC_WARN_UNDECLARED_SELECTOR = YES;
				GCC_WARN_UNINITIALIZED_AUTOS = YES;
				GCC_WARN_UNUSED_FUNCTION = YES;
				GCC_WARN_UNUSED_VARIABLE = YES;
				IPHONEOS_DEPLOYMENT_TARGET = 7.0;
				SDKROOT = iphoneos;
				VALIDATE_PRODUCT = YES;
			};
			name = Release;
		};
		5DEC58781800F88F006E7E18 /* Debug */ = {
			isa = XCBuildConfiguration;
			buildSettings = {
				ASSETCATALOG_COMPILER_APPICON_NAME = AppIcon;
				ASSETCATALOG_COMPILER_LAUNCHIMAGE_NAME = LaunchImage;
				GCC_PRECOMPILE_PREFIX_HEADER = YES;
				GCC_PREFIX_HEADER = "BBBallBounce/BBBallBounce-Prefix.pch";
				INFOPLIST_FILE = "BBBallBounce/BBBallBounce-Info.plist";
				PRODUCT_NAME = "$(TARGET_NAME)";
				WRAPPER_EXTENSION = app;
			};
			name = Debug;
		};
		5DEC58791800F88F006E7E18 /* Release */ = {
			isa = XCBuildConfiguration;
			buildSettings = {
				ASSETCATALOG_COMPILER_APPICON_NAME = AppIcon;
				ASSETCATALOG_COMPILER_LAUNCHIMAGE_NAME = LaunchImage;
				GCC_PRECOMPILE_PREFIX_HEADER = YES;
				GCC_PREFIX_HEADER = "BBBallBounce/BBBallBounce-Prefix.pch";
				INFOPLIST_FILE = "BBBallBounce/BBBallBounce-Info.plist";
				PRODUCT_NAME = "$(TARGET_NAME)";
				WRAPPER_EXTENSION = app;
			};
			name = Release;
		};
		5DEC587B1800F88F006E7E18 /* Debug */ = {
			isa = XCBuildConfiguration;
			buildSettings = {
				ARCHS = "$(ARCHS_STANDARD_INCLUDING_64_BIT)";
				BUNDLE_LOADER = "$(BUILT_PRODUCTS_DIR)/BBBallBounce.app/BBBallBounce";
				FRAMEWORK_SEARCH_PATHS = (
					"$(SDKROOT)/Developer/Library/Frameworks",
					"$(inherited)",
					"$(DEVELOPER_FRAMEWORKS_DIR)",
				);
				GCC_PRECOMPILE_PREFIX_HEADER = YES;
				GCC_PREFIX_HEADER = "BBBallBounce/BBBallBounce-Prefix.pch";
				GCC_PREPROCESSOR_DEFINITIONS = (
					"DEBUG=1",
					"$(inherited)",
				);
				INFOPLIST_FILE = "BBBallBounceTests/BBBallBounceTests-Info.plist";
				PRODUCT_NAME = "$(TARGET_NAME)";
				TEST_HOST = "$(BUNDLE_LOADER)";
				WRAPPER_EXTENSION = xctest;
			};
			name = Debug;
		};
		5DEC587C1800F88F006E7E18 /* Release */ = {
			isa = XCBuildConfiguration;
			buildSettings = {
				ARCHS = "$(ARCHS_STANDARD_INCLUDING_64_BIT)";
				BUNDLE_LOADER = "$(BUILT_PRODUCTS_DIR)/BBBallBounce.app/BBBallBounce";
				FRAMEWORK_SEARCH_PATHS = (
					"$(SDKROOT)/Developer/Library/Frameworks",
					"$(inherited)",
					"$(DEVELOPER_FRAMEWORKS_DIR)",
				);
				GCC_PRECOMPILE_PREFIX_HEADER = YES;
				GCC_PREFIX_HEADER = "BBBallBounce/BBBallBounce-Prefix.pch";
				INFOPLIST_FILE = "BBBallBounceTests/BBBallBounceTests-Info.plist";
				PRODUCT_NAME = "$(TARGET_NAME)";
				TEST_HOST = "$(BUNDLE_LOADER)";
				WRAPPER_EXTENSION = xctest;
			};
			name = Release;
		};
/* End XCBuildConfiguration section */

/* Begin XCConfigurationList section */
		5DEC58401800F88D006E7E18 /* Build configuration list for PBXProject "BBBallBounce" */ = {
			isa = XCConfigurationList;
			buildConfigurations = (
				5DEC58751800F88F006E7E18 /* Debug */,
				5DEC58761800F88F006E7E18 /* Release */,
			);
			defaultConfigurationIsVisible = 0;
			defaultConfigurationName = Release;
		};
		5DEC58771800F88F006E7E18 /* Build configuration list for PBXNativeTarget "BBBallBounce" */ = {
			isa = XCConfigurationList;
			buildConfigurations = (
				5DEC58781800F88F006E7E18 /* Debug */,
				5DEC58791800F88F006E7E18 /* Release */,
			);
			defaultConfigurationIsVisible = 0;
		};
		5DEC587A1800F88F006E7E18 /* Build configuration list for PBXNativeTarget "BBBallBounceTests" */ = {
			isa = XCConfigurationList;
			buildConfigurations = (
				5DEC587B1800F88F006E7E18 /* Debug */,
				5DEC587C1800F88F006E7E18 /* Release */,
			);
			defaultConfigurationIsVisible = 0;
		};
/* End XCConfigurationList section */
	};
	rootObject = 5DEC583D1800F88D006E7E18 /* Project object */;
}
